// !$*UTF8*$!
{
	archiveVersion = 1;
	classes = {
	};
	objectVersion = 50;
	objects = {

/* Begin PBXBuildFile section */
		60337622263AA9F000BB18EA /* main.swift in Sources */ = {isa = PBXBuildFile; fileRef = 60337621263AA9F000BB18EA /* main.swift */; };
		6033762A263AA9FD00BB18EA /* API Objects.swift in Sources */ = {isa = PBXBuildFile; fileRef = 60337629263AA9FD00BB18EA /* API Objects.swift */; };
		6033762D263AAA1B00BB18EA /* Helpers.swift in Sources */ = {isa = PBXBuildFile; fileRef = 6033762C263AAA1B00BB18EA /* Helpers.swift */; };
		60337630263AB99600BB18EA /* Objects.swift in Sources */ = {isa = PBXBuildFile; fileRef = 6033762F263AB99600BB18EA /* Objects.swift */; };
		60337635263B1F0800BB18EA /* Subgroups.swift in Sources */ = {isa = PBXBuildFile; fileRef = 60337634263B1F0800BB18EA /* Subgroups.swift */; };
		60337638263B25F500BB18EA /* TagsImport.swift in Sources */ = {isa = PBXBuildFile; fileRef = 60337637263B25F500BB18EA /* TagsImport.swift */; };
/* End PBXBuildFile section */

/* Begin PBXCopyFilesBuildPhase section */
		6033761C263AA9F000BB18EA /* CopyFiles */ = {
			isa = PBXCopyFilesBuildPhase;
			buildActionMask = 2147483647;
			dstPath = /usr/share/man/man1/;
			dstSubfolderSpec = 0;
			files = (
			);
			runOnlyForDeploymentPostprocessing = 1;
		};
/* End PBXCopyFilesBuildPhase section */

/* Begin PBXFileReference section */
		6033761E263AA9F000BB18EA /* fspo_import */ = {isa = PBXFileReference; explicitFileType = "compiled.mach-o.executable"; includeInIndex = 0; path = fspo_import; sourceTree = BUILT_PRODUCTS_DIR; };
		60337621263AA9F000BB18EA /* main.swift */ = {isa = PBXFileReference; lastKnownFileType = sourcecode.swift; path = main.swift; sourceTree = "<group>"; };
		60337629263AA9FD00BB18EA /* API Objects.swift */ = {isa = PBXFileReference; lastKnownFileType = sourcecode.swift; path = "API Objects.swift"; sourceTree = "<group>"; };
		6033762C263AAA1B00BB18EA /* Helpers.swift */ = {isa = PBXFileReference; lastKnownFileType = sourcecode.swift; path = Helpers.swift; sourceTree = "<group>"; };
		6033762F263AB99600BB18EA /* Objects.swift */ = {isa = PBXFileReference; lastKnownFileType = sourcecode.swift; path = Objects.swift; sourceTree = "<group>"; };
		60337634263B1F0800BB18EA /* Subgroups.swift */ = {isa = PBXFileReference; lastKnownFileType = sourcecode.swift; path = Subgroups.swift; sourceTree = "<group>"; };
		60337637263B25F500BB18EA /* TagsImport.swift */ = {isa = PBXFileReference; lastKnownFileType = sourcecode.swift; path = TagsImport.swift; sourceTree = "<group>"; };
/* End PBXFileReference section */

/* Begin PBXFrameworksBuildPhase section */
		6033761B263AA9F000BB18EA /* Frameworks */ = {
			isa = PBXFrameworksBuildPhase;
			buildActionMask = 2147483647;
			files = (
			);
			runOnlyForDeploymentPostprocessing = 0;
		};
/* End PBXFrameworksBuildPhase section */

/* Begin PBXGroup section */
		60337615263AA9F000BB18EA = {
			isa = PBXGroup;
			children = (
				60337620263AA9F000BB18EA /* fspo_import */,
				6033761F263AA9F000BB18EA /* Products */,
			);
			sourceTree = "<group>";
		};
		6033761F263AA9F000BB18EA /* Products */ = {
			isa = PBXGroup;
			children = (
				6033761E263AA9F000BB18EA /* fspo_import */,
			);
			name = Products;
			sourceTree = "<group>";
		};
		60337620263AA9F000BB18EA /* fspo_import */ = {
			isa = PBXGroup;
			children = (
				60337621263AA9F000BB18EA /* main.swift */,
				60337637263B25F500BB18EA /* TagsImport.swift */,
				60337634263B1F0800BB18EA /* Subgroups.swift */,
				60337629263AA9FD00BB18EA /* API Objects.swift */,
				6033762C263AAA1B00BB18EA /* Helpers.swift */,
				6033762F263AB99600BB18EA /* Objects.swift */,
			);
			path = fspo_import;
			sourceTree = "<group>";
		};
/* End PBXGroup section */

/* Begin PBXNativeTarget section */
		6033761D263AA9F000BB18EA /* fspo_import */ = {
			isa = PBXNativeTarget;
			buildConfigurationList = 60337625263AA9F000BB18EA /* Build configuration list for PBXNativeTarget "fspo_import" */;
			buildPhases = (
				6033761A263AA9F000BB18EA /* Sources */,
				6033761B263AA9F000BB18EA /* Frameworks */,
				6033761C263AA9F000BB18EA /* CopyFiles */,
			);
			buildRules = (
			);
			dependencies = (
			);
			name = fspo_import;
			productName = fspo_import;
			productReference = 6033761E263AA9F000BB18EA /* fspo_import */;
			productType = "com.apple.product-type.tool";
		};
/* End PBXNativeTarget section */

/* Begin PBXProject section */
		60337616263AA9F000BB18EA /* Project object */ = {
			isa = PBXProject;
			attributes = {
				LastSwiftUpdateCheck = 1240;
				LastUpgradeCheck = 1240;
				TargetAttributes = {
					6033761D263AA9F000BB18EA = {
						CreatedOnToolsVersion = 12.4;
					};
				};
			};
			buildConfigurationList = 60337619263AA9F000BB18EA /* Build configuration list for PBXProject "fspo_import" */;
			compatibilityVersion = "Xcode 9.3";
			developmentRegion = en;
			hasScannedForEncodings = 0;
			knownRegions = (
				en,
				Base,
			);
			mainGroup = 60337615263AA9F000BB18EA;
			productRefGroup = 6033761F263AA9F000BB18EA /* Products */;
			projectDirPath = "";
			projectRoot = "";
			targets = (
				6033761D263AA9F000BB18EA /* fspo_import */,
			);
		};
/* End PBXProject section */

/* Begin PBXSourcesBuildPhase section */
		6033761A263AA9F000BB18EA /* Sources */ = {
			isa = PBXSourcesBuildPhase;
			buildActionMask = 2147483647;
			files = (
				6033762A263AA9FD00BB18EA /* API Objects.swift in Sources */,
				60337638263B25F500BB18EA /* TagsImport.swift in Sources */,
				6033762D263AAA1B00BB18EA /* Helpers.swift in Sources */,
				60337630263AB99600BB18EA /* Objects.swift in Sources */,
				60337635263B1F0800BB18EA /* Subgroups.swift in Sources */,
				60337622263AA9F000BB18EA /* main.swift in Sources */,
			);
			runOnlyForDeploymentPostprocessing = 0;
		};
/* End PBXSourcesBuildPhase section */

/* Begin XCBuildConfiguration section */
		60337623263AA9F000BB18EA /* Debug */ = {
			isa = XCBuildConfiguration;
			buildSettings = {
				ALWAYS_SEARCH_USER_PATHS = NO;
				CLANG_ANALYZER_NONNULL = YES;
				CLANG_ANALYZER_NUMBER_OBJECT_CONVERSION = YES_AGGRESSIVE;
				CLANG_CXX_LANGUAGE_STANDARD = "gnu++14";
				CLANG_CXX_LIBRARY = "libc++";
				CLANG_ENABLE_MODULES = YES;
				CLANG_ENABLE_OBJC_ARC = YES;
				CLANG_ENABLE_OBJC_WEAK = YES;
				CLANG_WARN_BLOCK_CAPTURE_AUTORELEASING = YES;
				CLANG_WARN_BOOL_CONVERSION = YES;
				CLANG_WARN_COMMA = YES;
				CLANG_WARN_CONSTANT_CONVERSION = YES;
				CLANG_WARN_DEPRECATED_OBJC_IMPLEMENTATIONS = YES;
				CLANG_WARN_DIRECT_OBJC_ISA_USAGE = YES_ERROR;
				CLANG_WARN_DOCUMENTATION_COMMENTS = YES;
				CLANG_WARN_EMPTY_BODY = YES;
				CLANG_WARN_ENUM_CONVERSION = YES;
				CLANG_WARN_INFINITE_RECURSION = YES;
				CLANG_WARN_INT_CONVERSION = YES;
				CLANG_WARN_NON_LITERAL_NULL_CONVERSION = YES;
				CLANG_WARN_OBJC_IMPLICIT_RETAIN_SELF = YES;
				CLANG_WARN_OBJC_LITERAL_CONVERSION = YES;
				CLANG_WARN_OBJC_ROOT_CLASS = YES_ERROR;
				CLANG_WARN_QUOTED_INCLUDE_IN_FRAMEWORK_HEADER = YES;
				CLANG_WARN_RANGE_LOOP_ANALYSIS = YES;
				CLANG_WARN_STRICT_PROTOTYPES = YES;
				CLANG_WARN_SUSPICIOUS_MOVE = YES;
				CLANG_WARN_UNGUARDED_AVAILABILITY = YES_AGGRESSIVE;
				CLANG_WARN_UNREACHABLE_CODE = YES;
				CLANG_WARN__DUPLICATE_METHOD_MATCH = YES;
				COPY_PHASE_STRIP = NO;
				DEBUG_INFORMATION_FORMAT = dwarf;
				ENABLE_STRICT_OBJC_MSGSEND = YES;
				ENABLE_TESTABILITY = YES;
				GCC_C_LANGUAGE_STANDARD = gnu11;
				GCC_DYNAMIC_NO_PIC = NO;
				GCC_NO_COMMON_BLOCKS = YES;
				GCC_OPTIMIZATION_LEVEL = 0;
				GCC_PREPROCESSOR_DEFINITIONS = (
					"DEBUG=1",
					"$(inherited)",
				);
				GCC_WARN_64_TO_32_BIT_CONVERSION = YES;
				GCC_WARN_ABOUT_RETURN_TYPE = YES_ERROR;
				GCC_WARN_UNDECLARED_SELECTOR = YES;
				GCC_WARN_UNINITIALIZED_AUTOS = YES_AGGRESSIVE;
				GCC_WARN_UNUSED_FUNCTION = YES;
				GCC_WARN_UNUSED_VARIABLE = YES;
				MACOSX_DEPLOYMENT_TARGET = 10.15;
				MTL_ENABLE_DEBUG_INFO = INCLUDE_SOURCE;
				MTL_FAST_MATH = YES;
				ONLY_ACTIVE_ARCH = YES;
				SDKROOT = macosx;
				SWIFT_ACTIVE_COMPILATION_CONDITIONS = DEBUG;
				SWIFT_OPTIMIZATION_LEVEL = "-Onone";
			};
			name = Debug;
		};
		60337624263AA9F000BB18EA /* Release */ = {
			isa = XCBuildConfiguration;
			buildSettings = {
				ALWAYS_SEARCH_USER_PATHS = NO;
				CLANG_ANALYZER_NONNULL = YES;
				CLANG_ANALYZER_NUMBER_OBJECT_CONVERSION = YES_AGGRESSIVE;
				CLANG_CXX_LANGUAGE_STANDARD = "gnu++14";
				CLANG_CXX_LIBRARY = "libc++";
				CLANG_ENABLE_MODULES = YES;
				CLANG_ENABLE_OBJC_ARC = YES;
				CLANG_ENABLE_OBJC_WEAK = YES;
				CLANG_WARN_BLOCK_CAPTURE_AUTORELEASING = YES;
				CLANG_WARN_BOOL_CONVERSION = YES;
				CLANG_WARN_COMMA = YES;
				CLANG_WARN_CONSTANT_CONVERSION = YES;
				CLANG_WARN_DEPRECATED_OBJC_IMPLEMENTATIONS = YES;
				CLANG_WARN_DIRECT_OBJC_ISA_USAGE = YES_ERROR;
				CLANG_WARN_DOCUMENTATION_COMMENTS = YES;
				CLANG_WARN_EMPTY_BODY = YES;
				CLANG_WARN_ENUM_CONVERSION = YES;
				CLANG_WARN_INFINITE_RECURSION = YES;
				CLANG_WARN_INT_CONVERSION = YES;
				CLANG_WARN_NON_LITERAL_NULL_CONVERSION = YES;
				CLANG_WARN_OBJC_IMPLICIT_RETAIN_SELF = YES;
				CLANG_WARN_OBJC_LITERAL_CONVERSION = YES;
				CLANG_WARN_OBJC_ROOT_CLASS = YES_ERROR;
				CLANG_WARN_QUOTED_INCLUDE_IN_FRAMEWORK_HEADER = YES;
				CLANG_WARN_RANGE_LOOP_ANALYSIS = YES;
				CLANG_WARN_STRICT_PROTOTYPES = YES;
				CLANG_WARN_SUSPICIOUS_MOVE = YES;
				CLANG_WARN_UNGUARDED_AVAILABILITY = YES_AGGRESSIVE;
				CLANG_WARN_UNREACHABLE_CODE = YES;
				CLANG_WARN__DUPLICATE_METHOD_MATCH = YES;
				COPY_PHASE_STRIP = NO;
				DEBUG_INFORMATION_FORMAT = "dwarf-with-dsym";
				ENABLE_NS_ASSERTIONS = NO;
				ENABLE_STRICT_OBJC_MSGSEND = YES;
				GCC_C_LANGUAGE_STANDARD = gnu11;
				GCC_NO_COMMON_BLOCKS = YES;
				GCC_WARN_64_TO_32_BIT_CONVERSION = YES;
				GCC_WARN_ABOUT_RETURN_TYPE = YES_ERROR;
				GCC_WARN_UNDECLARED_SELECTOR = YES;
				GCC_WARN_UNINITIALIZED_AUTOS = YES_AGGRESSIVE;
				GCC_WARN_UNUSED_FUNCTION = YES;
				GCC_WARN_UNUSED_VARIABLE = YES;
				MACOSX_DEPLOYMENT_TARGET = 10.15;
				MTL_ENABLE_DEBUG_INFO = NO;
				MTL_FAST_MATH = YES;
				SDKROOT = macosx;
				SWIFT_COMPILATION_MODE = wholemodule;
				SWIFT_OPTIMIZATION_LEVEL = "-O";
			};
			name = Release;
		};
		60337626263AA9F000BB18EA /* Debug */ = {
			isa = XCBuildConfiguration;
			buildSettings = {
				CODE_SIGN_STYLE = Automatic;
				DEVELOPMENT_TEAM = FCXJCDV375;
				ENABLE_HARDENED_RUNTIME = YES;
				PRODUCT_NAME = "$(TARGET_NAME)";
				SWIFT_VERSION = 5.0;
			};
			name = Debug;
		};
		60337627263AA9F000BB18EA /* Release */ = {
			isa = XCBuildConfiguration;
			buildSettings = {
				CODE_SIGN_STYLE = Automatic;
				DEVELOPMENT_TEAM = FCXJCDV375;
				ENABLE_HARDENED_RUNTIME = YES;
				PRODUCT_NAME = "$(TARGET_NAME)";
				SWIFT_VERSION = 5.0;
			};
			name = Release;
		};
/* End XCBuildConfiguration section */

/* Begin XCConfigurationList section */
		60337619263AA9F000BB18EA /* Build configuration list for PBXProject "fspo_import" */ = {
			isa = XCConfigurationList;
			buildConfigurations = (
				60337623263AA9F000BB18EA /* Debug */,
				60337624263AA9F000BB18EA /* Release */,
			);
			defaultConfigurationIsVisible = 0;
			defaultConfigurationName = Release;
		};
		60337625263AA9F000BB18EA /* Build configuration list for PBXNativeTarget "fspo_import" */ = {
			isa = XCConfigurationList;
			buildConfigurations = (
				60337626263AA9F000BB18EA /* Debug */,
				60337627263AA9F000BB18EA /* Release */,
			);
			defaultConfigurationIsVisible = 0;
			defaultConfigurationName = Release;
		};
/* End XCConfigurationList section */
	};
	rootObject = 60337616263AA9F000BB18EA /* Project object */;
}
